
Microsoft Visual Studio Solution File, Format Version 12.00
# Visual Studio Version 17
VisualStudioVersion = 17.9.34728.123
MinimumVisualStudioVersion = 10.0.40219.1
Project("{9A19103F-16F7-4668-BE54-9A1E7A4F7556}") = "CleanArchMvc.Domain", "CleanArchMvc.Domain\CleanArchMvc.Domain.csproj", "{0216F1C8-F877-4844-9043-0B969FF17E05}"
EndProject
Project("{9A19103F-16F7-4668-BE54-9A1E7A4F7556}") = "CleanArchMvc.Application", "CleanArchMvc.Application\CleanArchMvc.Application.csproj", "{9CB1BBDC-7BE0-4BE1-909C-9A9110AB74EA}"
EndProject
Project("{9A19103F-16F7-4668-BE54-9A1E7A4F7556}") = "CleanArchMvc.Infra.Data", "CleanArchMvc.Infra.Data\CleanArchMvc.Infra.Data.csproj", "{FE2C7C8D-759B-40E5-B1EF-A31FAC880B75}"
EndProject
Project("{9A19103F-16F7-4668-BE54-9A1E7A4F7556}") = "CleanArchMvc.Infra.IoC", "CleanArchMvc.Infra.IoC\CleanArchMvc.Infra.IoC.csproj", "{0FFEE89C-A128-4467-8E6E-25A9A1C8DA64}"
EndProject
Project("{9A19103F-16F7-4668-BE54-9A1E7A4F7556}") = "CleanArchMvc.WebUI", "CleanArchMvc.WebUI\CleanArchMvc.WebUI.csproj", "{B080BEA4-7681-441F-BCBA-928AD3DD3315}"
EndProject
Project("{9A19103F-16F7-4668-BE54-9A1E7A4F7556}") = "CleanArchMvc.Domain.Tests", "CleanArchMvc.Domain.Tests\CleanArchMvc.Domain.Tests.csproj", "{19AD45E6-72D9-4D5F-89BE-27F47A9BA637}"
EndProject
Project("{2150E333-8FDC-42A3-9474-1A3956D46DE8}") = "Domain", "Domain", "{290D031A-44DF-438A-AAA3-DFEB1A3E8CC5}"
EndProject
Project("{2150E333-8FDC-42A3-9474-1A3956D46DE8}") = "Infra", "Infra", "{C5F09E28-7D47-4D2B-B270-C72FCB9E9A37}"
EndProject
Project("{2150E333-8FDC-42A3-9474-1A3956D46DE8}") = "Tests", "Tests", "{79CCF75A-2559-4FC3-81DF-7EB180742C6E}"
EndProject
Project("{2150E333-8FDC-42A3-9474-1A3956D46DE8}") = "Application", "Application", "{F02DDD5C-1358-4538-BEA9-4310A30FC025}"
EndProject
Project("{2150E333-8FDC-42A3-9474-1A3956D46DE8}") = "Interface", "Interface", "{7B08C492-B3AE-4F19-B660-B8FB80FA0399}"
EndProject
Global
	GlobalSection(SolutionConfigurationPlatforms) = preSolution
		Debug|Any CPU = Debug|Any CPU
		Release|Any CPU = Release|Any CPU
	EndGlobalSection
	GlobalSection(ProjectConfigurationPlatforms) = postSolution
		{0216F1C8-F877-4844-9043-0B969FF17E05}.Debug|Any CPU.ActiveCfg = Debug|Any CPU
		{0216F1C8-F877-4844-9043-0B969FF17E05}.Debug|Any CPU.Build.0 = Debug|Any CPU
		{0216F1C8-F877-4844-9043-0B969FF17E05}.Release|Any CPU.ActiveCfg = Release|Any CPU
		{0216F1C8-F877-4844-9043-0B969FF17E05}.Release|Any CPU.Build.0 = Release|Any CPU
		{9CB1BBDC-7BE0-4BE1-909C-9A9110AB74EA}.Debug|Any CPU.ActiveCfg = Debug|Any CPU
		{9CB1BBDC-7BE0-4BE1-909C-9A9110AB74EA}.Debug|Any CPU.Build.0 = Debug|Any CPU
		{9CB1BBDC-7BE0-4BE1-909C-9A9110AB74EA}.Release|Any CPU.ActiveCfg = Release|Any CPU
		{9CB1BBDC-7BE0-4BE1-909C-9A9110AB74EA}.Release|Any CPU.Build.0 = Release|Any CPU
		{FE2C7C8D-759B-40E5-B1EF-A31FAC880B75}.Debug|Any CPU.ActiveCfg = Debug|Any CPU
		{FE2C7C8D-759B-40E5-B1EF-A31FAC880B75}.Debug|Any CPU.Build.0 = Debug|Any CPU
		{FE2C7C8D-759B-40E5-B1EF-A31FAC880B75}.Release|Any CPU.ActiveCfg = Release|Any CPU
		{FE2C7C8D-759B-40E5-B1EF-A31FAC880B75}.Release|Any CPU.Build.0 = Release|Any CPU
		{0FFEE89C-A128-4467-8E6E-25A9A1C8DA64}.Debug|Any CPU.ActiveCfg = Debug|Any CPU
		{0FFEE89C-A128-4467-8E6E-25A9A1C8DA64}.Debug|Any CPU.Build.0 = Debug|Any CPU
		{0FFEE89C-A128-4467-8E6E-25A9A1C8DA64}.Release|Any CPU.ActiveCfg = Release|Any CPU
		{0FFEE89C-A128-4467-8E6E-25A9A1C8DA64}.Release|Any CPU.Build.0 = Release|Any CPU
		{B080BEA4-7681-441F-BCBA-928AD3DD3315}.Debug|Any CPU.ActiveCfg = Debug|Any CPU
		{B080BEA4-7681-441F-BCBA-928AD3DD3315}.Debug|Any CPU.Build.0 = Debug|Any CPU
		{B080BEA4-7681-441F-BCBA-928AD3DD3315}.Release|Any CPU.ActiveCfg = Release|Any CPU
		{B080BEA4-7681-441F-BCBA-928AD3DD3315}.Release|Any CPU.Build.0 = Release|Any CPU
		{19AD45E6-72D9-4D5F-89BE-27F47A9BA637}.Debug|Any CPU.ActiveCfg = Debug|Any CPU
		{19AD45E6-72D9-4D5F-89BE-27F47A9BA637}.Debug|Any CPU.Build.0 = Debug|Any CPU
		{19AD45E6-72D9-4D5F-89BE-27F47A9BA637}.Release|Any CPU.ActiveCfg = Release|Any CPU
		{19AD45E6-72D9-4D5F-89BE-27F47A9BA637}.Release|Any CPU.Build.0 = Release|Any CPU
	EndGlobalSection
	GlobalSection(SolutionProperties) = preSolution
		HideSolutionNode = FALSE
	EndGlobalSection
	GlobalSection(NestedProjects) = preSolution
		{0216F1C8-F877-4844-9043-0B969FF17E05} = {290D031A-44DF-438A-AAA3-DFEB1A3E8CC5}
		{9CB1BBDC-7BE0-4BE1-909C-9A9110AB74EA} = {F02DDD5C-1358-4538-BEA9-4310A30FC025}
		{FE2C7C8D-759B-40E5-B1EF-A31FAC880B75} = {C5F09E28-7D47-4D2B-B270-C72FCB9E9A37}
		{0FFEE89C-A128-4467-8E6E-25A9A1C8DA64} = {C5F09E28-7D47-4D2B-B270-C72FCB9E9A37}
		{B080BEA4-7681-441F-BCBA-928AD3DD3315} = {7B08C492-B3AE-4F19-B660-B8FB80FA0399}
		{19AD45E6-72D9-4D5F-89BE-27F47A9BA637} = {79CCF75A-2559-4FC3-81DF-7EB180742C6E}
	EndGlobalSection
	GlobalSection(ExtensibilityGlobals) = postSolution
		SolutionGuid = {98A4DFD4-2855-4478-BA81-54F14C4D26BD}
	EndGlobalSection
EndGlobal
